// !$*UTF8*$!
{
	archiveVersion = 1;
	classes = {
	};
	objectVersion = 46;
	objects = {

/* Begin PBXBuildFile section */
		F600948B1B17C49D00BF2372 /* main.m in Sources */ = {isa = PBXBuildFile; fileRef = F600948A1B17C49D00BF2372 /* main.m */; };
		F600948E1B17C49D00BF2372 /* AppDelegate.m in Sources */ = {isa = PBXBuildFile; fileRef = F600948D1B17C49D00BF2372 /* AppDelegate.m */; };
		F60094911B17C49D00BF2372 /* RottenMangoes.xcdatamodeld in Sources */ = {isa = PBXBuildFile; fileRef = F600948F1B17C49D00BF2372 /* RottenMangoes.xcdatamodeld */; };
		F60094941B17C49D00BF2372 /* MoviesCollectionViewController.m in Sources */ = {isa = PBXBuildFile; fileRef = F60094931B17C49D00BF2372 /* MoviesCollectionViewController.m */; };
		F60094971B17C49D00BF2372 /* Main.storyboard in Resources */ = {isa = PBXBuildFile; fileRef = F60094951B17C49D00BF2372 /* Main.storyboard */; };
		F60094991B17C49D00BF2372 /* Images.xcassets in Resources */ = {isa = PBXBuildFile; fileRef = F60094981B17C49D00BF2372 /* Images.xcassets */; };
		F600949C1B17C49D00BF2372 /* LaunchScreen.xib in Resources */ = {isa = PBXBuildFile; fileRef = F600949A1B17C49D00BF2372 /* LaunchScreen.xib */; };
		F60094A81B17C49D00BF2372 /* RottenMangoesTests.m in Sources */ = {isa = PBXBuildFile; fileRef = F60094A71B17C49D00BF2372 /* RottenMangoesTests.m */; };
		F60094B31B17D55600BF2372 /* Movie.m in Sources */ = {isa = PBXBuildFile; fileRef = F60094B21B17D55600BF2372 /* Movie.m */; };
		F628483C1B1ABA8F00072D52 /* TheatresMapViewController.m in Sources */ = {isa = PBXBuildFile; fileRef = F628483B1B1ABA8F00072D52 /* TheatresMapViewController.m */; };
		F62848731B1AC81700072D52 /* MapKit.framework in Frameworks */ = {isa = PBXBuildFile; fileRef = F62848721B1AC81700072D52 /* MapKit.framework */; };
		F62848751B1AC89000072D52 /* CoreLocation.framework in Frameworks */ = {isa = PBXBuildFile; fileRef = F62848741B1AC89000072D52 /* CoreLocation.framework */; };
		F65E33471B18E67E002AD00F /* MovieCollectionViewCell.m in Sources */ = {isa = PBXBuildFile; fileRef = F65E33461B18E67E002AD00F /* MovieCollectionViewCell.m */; };
		F65E33941B19115C002AD00F /* MovieDetailViewController.m in Sources */ = {isa = PBXBuildFile; fileRef = F65E33931B19115C002AD00F /* MovieDetailViewController.m */; };
		F66EF5431B1C0EB7005C972A /* AddressBookUI.framework in Frameworks */ = {isa = PBXBuildFile; fileRef = F66EF5421B1C0EB7005C972A /* AddressBookUI.framework */; };
		F681A9441B2687A30053127A /* Theatre.m in Sources */ = {isa = PBXBuildFile; fileRef = F681A9431B2687A30053127A /* Theatre.m */; };
/* End PBXBuildFile section */

/* Begin PBXContainerItemProxy section */
		F60094A21B17C49D00BF2372 /* PBXContainerItemProxy */ = {
			isa = PBXContainerItemProxy;
			containerPortal = F600947D1B17C49D00BF2372 /* Project object */;
			proxyType = 1;
			remoteGlobalIDString = F60094841B17C49D00BF2372;
			remoteInfo = RottenMangoes;
		};
/* End PBXContainerItemProxy section */

/* Begin PBXFileReference section */
		F60094851B17C49D00BF2372 /* RottenMangoes.app */ = {isa = PBXFileReference; explicitFileType = wrapper.application; includeInIndex = 0; path = RottenMangoes.app; sourceTree = BUILT_PRODUCTS_DIR; };
		F60094891B17C49D00BF2372 /* Info.plist */ = {isa = PBXFileReference; lastKnownFileType = text.plist.xml; path = Info.plist; sourceTree = "<group>"; };
		F600948A1B17C49D00BF2372 /* main.m */ = {isa = PBXFileReference; lastKnownFileType = sourcecode.c.objc; path = main.m; sourceTree = "<group>"; };
		F600948C1B17C49D00BF2372 /* AppDelegate.h */ = {isa = PBXFileReference; lastKnownFileType = sourcecode.c.h; path = AppDelegate.h; sourceTree = "<group>"; };
		F600948D1B17C49D00BF2372 /* AppDelegate.m */ = {isa = PBXFileReference; lastKnownFileType = sourcecode.c.objc; path = AppDelegate.m; sourceTree = "<group>"; };
		F60094901B17C49D00BF2372 /* RottenMangoes.xcdatamodel */ = {isa = PBXFileReference; lastKnownFileType = wrapper.xcdatamodel; path = RottenMangoes.xcdatamodel; sourceTree = "<group>"; };
		F60094921B17C49D00BF2372 /* MoviesCollectionViewController.h */ = {isa = PBXFileReference; lastKnownFileType = sourcecode.c.h; path = MoviesCollectionViewController.h; sourceTree = "<group>"; };
		F60094931B17C49D00BF2372 /* MoviesCollectionViewController.m */ = {isa = PBXFileReference; lastKnownFileType = sourcecode.c.objc; path = MoviesCollectionViewController.m; sourceTree = "<group>"; };
		F60094961B17C49D00BF2372 /* Base */ = {isa = PBXFileReference; lastKnownFileType = file.storyboard; name = Base; path = Base.lproj/Main.storyboard; sourceTree = "<group>"; };
		F60094981B17C49D00BF2372 /* Images.xcassets */ = {isa = PBXFileReference; lastKnownFileType = folder.assetcatalog; path = Images.xcassets; sourceTree = "<group>"; };
		F600949B1B17C49D00BF2372 /* Base */ = {isa = PBXFileReference; lastKnownFileType = file.xib; name = Base; path = Base.lproj/LaunchScreen.xib; sourceTree = "<group>"; };
		F60094A11B17C49D00BF2372 /* RottenMangoesTests.xctest */ = {isa = PBXFileReference; explicitFileType = wrapper.cfbundle; includeInIndex = 0; path = RottenMangoesTests.xctest; sourceTree = BUILT_PRODUCTS_DIR; };
		F60094A61B17C49D00BF2372 /* Info.plist */ = {isa = PBXFileReference; lastKnownFileType = text.plist.xml; path = Info.plist; sourceTree = "<group>"; };
		F60094A71B17C49D00BF2372 /* RottenMangoesTests.m */ = {isa = PBXFileReference; lastKnownFileType = sourcecode.c.objc; path = RottenMangoesTests.m; sourceTree = "<group>"; };
		F60094B11B17D55600BF2372 /* Movie.h */ = {isa = PBXFileReference; fileEncoding = 4; lastKnownFileType = sourcecode.c.h; path = Movie.h; sourceTree = "<group>"; };
		F60094B21B17D55600BF2372 /* Movie.m */ = {isa = PBXFileReference; fileEncoding = 4; lastKnownFileType = sourcecode.c.objc; path = Movie.m; sourceTree = "<group>"; };
		F628483A1B1ABA8F00072D52 /* TheatresMapViewController.h */ = {isa = PBXFileReference; fileEncoding = 4; lastKnownFileType = sourcecode.c.h; path = TheatresMapViewController.h; sourceTree = "<group>"; };
		F628483B1B1ABA8F00072D52 /* TheatresMapViewController.m */ = {isa = PBXFileReference; fileEncoding = 4; lastKnownFileType = sourcecode.c.objc; path = TheatresMapViewController.m; sourceTree = "<group>"; };
		F62848721B1AC81700072D52 /* MapKit.framework */ = {isa = PBXFileReference; lastKnownFileType = wrapper.framework; name = MapKit.framework; path = System/Library/Frameworks/MapKit.framework; sourceTree = SDKROOT; };
		F62848741B1AC89000072D52 /* CoreLocation.framework */ = {isa = PBXFileReference; lastKnownFileType = wrapper.framework; name = CoreLocation.framework; path = System/Library/Frameworks/CoreLocation.framework; sourceTree = SDKROOT; };
		F65E33451B18E67E002AD00F /* MovieCollectionViewCell.h */ = {isa = PBXFileReference; fileEncoding = 4; lastKnownFileType = sourcecode.c.h; name = MovieCollectionViewCell.h; path = ../MovieCollectionViewCell.h; sourceTree = "<group>"; };
		F65E33461B18E67E002AD00F /* MovieCollectionViewCell.m */ = {isa = PBXFileReference; fileEncoding = 4; lastKnownFileType = sourcecode.c.objc; name = MovieCollectionViewCell.m; path = ../MovieCollectionViewCell.m; sourceTree = "<group>"; };
		F65E33921B19115C002AD00F /* MovieDetailViewController.h */ = {isa = PBXFileReference; fileEncoding = 4; lastKnownFileType = sourcecode.c.h; path = MovieDetailViewController.h; sourceTree = "<group>"; };
		F65E33931B19115C002AD00F /* MovieDetailViewController.m */ = {isa = PBXFileReference; fileEncoding = 4; lastKnownFileType = sourcecode.c.objc; path = MovieDetailViewController.m; sourceTree = "<group>"; };
		F66EF5421B1C0EB7005C972A /* AddressBookUI.framework */ = {isa = PBXFileReference; lastKnownFileType = wrapper.framework; name = AddressBookUI.framework; path = System/Library/Frameworks/AddressBookUI.framework; sourceTree = SDKROOT; };
		F681A9421B2687A30053127A /* Theatre.h */ = {isa = PBXFileReference; fileEncoding = 4; lastKnownFileType = sourcecode.c.h; path = Theatre.h; sourceTree = "<group>"; };
		F681A9431B2687A30053127A /* Theatre.m */ = {isa = PBXFileReference; fileEncoding = 4; lastKnownFileType = sourcecode.c.objc; path = Theatre.m; sourceTree = "<group>"; };
/* End PBXFileReference section */

/* Begin PBXFrameworksBuildPhase section */
		F60094821B17C49D00BF2372 /* Frameworks */ = {
			isa = PBXFrameworksBuildPhase;
			buildActionMask = 2147483647;
			files = (
				F66EF5431B1C0EB7005C972A /* AddressBookUI.framework in Frameworks */,
				F62848751B1AC89000072D52 /* CoreLocation.framework in Frameworks */,
				F62848731B1AC81700072D52 /* MapKit.framework in Frameworks */,
			);
			runOnlyForDeploymentPostprocessing = 0;
		};
		F600949E1B17C49D00BF2372 /* Frameworks */ = {
			isa = PBXFrameworksBuildPhase;
			buildActionMask = 2147483647;
			files = (
			);
			runOnlyForDeploymentPostprocessing = 0;
		};
/* End PBXFrameworksBuildPhase section */

/* Begin PBXGroup section */
		F600947C1B17C49D00BF2372 = {
			isa = PBXGroup;
			children = (
				F60094871B17C49D00BF2372 /* RottenMangoes */,
				F60094A41B17C49D00BF2372 /* RottenMangoesTests */,
				F60094861B17C49D00BF2372 /* Products */,
			);
			sourceTree = "<group>";
		};
		F60094861B17C49D00BF2372 /* Products */ = {
			isa = PBXGroup;
			children = (
				F60094851B17C49D00BF2372 /* RottenMangoes.app */,
				F60094A11B17C49D00BF2372 /* RottenMangoesTests.xctest */,
			);
			name = Products;
			sourceTree = "<group>";
		};
		F60094871B17C49D00BF2372 /* RottenMangoes */ = {
			isa = PBXGroup;
			children = (
				F62848381B1A586400072D52 /* ViewsAndViewControllers */,
				F62848391B1A587500072D52 /* ObjectsAndDelegates */,
				F60094981B17C49D00BF2372 /* Images.xcassets */,
				F600949A1B17C49D00BF2372 /* LaunchScreen.xib */,
				F600948F1B17C49D00BF2372 /* RottenMangoes.xcdatamodeld */,
				F60094881B17C49D00BF2372 /* Supporting Files */,
			);
			path = RottenMangoes;
			sourceTree = "<group>";
		};
		F60094881B17C49D00BF2372 /* Supporting Files */ = {
			isa = PBXGroup;
			children = (
				F66EF5421B1C0EB7005C972A /* AddressBookUI.framework */,
				F62848741B1AC89000072D52 /* CoreLocation.framework */,
				F62848721B1AC81700072D52 /* MapKit.framework */,
				F60094891B17C49D00BF2372 /* Info.plist */,
				F600948A1B17C49D00BF2372 /* main.m */,
			);
			name = "Supporting Files";
			sourceTree = "<group>";
		};
		F60094A41B17C49D00BF2372 /* RottenMangoesTests */ = {
			isa = PBXGroup;
			children = (
				F60094A71B17C49D00BF2372 /* RottenMangoesTests.m */,
				F60094A51B17C49D00BF2372 /* Supporting Files */,
			);
			path = RottenMangoesTests;
			sourceTree = "<group>";
		};
		F60094A51B17C49D00BF2372 /* Supporting Files */ = {
			isa = PBXGroup;
			children = (
				F60094A61B17C49D00BF2372 /* Info.plist */,
			);
			name = "Supporting Files";
			sourceTree = "<group>";
		};
		F62848381B1A586400072D52 /* ViewsAndViewControllers */ = {
			isa = PBXGroup;
			children = (
				F60094921B17C49D00BF2372 /* MoviesCollectionViewController.h */,
				F60094931B17C49D00BF2372 /* MoviesCollectionViewController.m */,
				F65E33451B18E67E002AD00F /* MovieCollectionViewCell.h */,
				F65E33461B18E67E002AD00F /* MovieCollectionViewCell.m */,
				F65E33921B19115C002AD00F /* MovieDetailViewController.h */,
				F65E33931B19115C002AD00F /* MovieDetailViewController.m */,
				F628483A1B1ABA8F00072D52 /* TheatresMapViewController.h */,
				F628483B1B1ABA8F00072D52 /* TheatresMapViewController.m */,
				F60094951B17C49D00BF2372 /* Main.storyboard */,
			);
			name = ViewsAndViewControllers;
			sourceTree = "<group>";
		};
		F62848391B1A587500072D52 /* ObjectsAndDelegates */ = {
			isa = PBXGroup;
			children = (
				F600948C1B17C49D00BF2372 /* AppDelegate.h */,
				F600948D1B17C49D00BF2372 /* AppDelegate.m */,
				F60094B11B17D55600BF2372 /* Movie.h */,
				F60094B21B17D55600BF2372 /* Movie.m */,
				F681A9421B2687A30053127A /* Theatre.h */,
				F681A9431B2687A30053127A /* Theatre.m */,
			);
			name = ObjectsAndDelegates;
			sourceTree = "<group>";
		};
/* End PBXGroup section */

/* Begin PBXNativeTarget section */
		F60094841B17C49D00BF2372 /* RottenMangoes */ = {
			isa = PBXNativeTarget;
			buildConfigurationList = F60094AB1B17C49D00BF2372 /* Build configuration list for PBXNativeTarget "RottenMangoes" */;
			buildPhases = (
				F60094811B17C49D00BF2372 /* Sources */,
				F60094821B17C49D00BF2372 /* Frameworks */,
				F60094831B17C49D00BF2372 /* Resources */,
			);
			buildRules = (
			);
			dependencies = (
			);
			name = RottenMangoes;
			productName = RottenMangoes;
			productReference = F60094851B17C49D00BF2372 /* RottenMangoes.app */;
			productType = "com.apple.product-type.application";
		};
		F60094A01B17C49D00BF2372 /* RottenMangoesTests */ = {
			isa = PBXNativeTarget;
			buildConfigurationList = F60094AE1B17C49D00BF2372 /* Build configuration list for PBXNativeTarget "RottenMangoesTests" */;
			buildPhases = (
				F600949D1B17C49D00BF2372 /* Sources */,
				F600949E1B17C49D00BF2372 /* Frameworks */,
				F600949F1B17C49D00BF2372 /* Resources */,
			);
			buildRules = (
			);
			dependencies = (
				F60094A31B17C49D00BF2372 /* PBXTargetDependency */,
			);
			name = RottenMangoesTests;
			productName = RottenMangoesTests;
			productReference = F60094A11B17C49D00BF2372 /* RottenMangoesTests.xctest */;
			productType = "com.apple.product-type.bundle.unit-test";
		};
/* End PBXNativeTarget section */

/* Begin PBXProject section */
		F600947D1B17C49D00BF2372 /* Project object */ = {
			isa = PBXProject;
			attributes = {
				LastUpgradeCheck = 0630;
				ORGANIZATIONNAME = "Abegael Jackson";
				TargetAttributes = {
					F60094841B17C49D00BF2372 = {
						CreatedOnToolsVersion = 6.3.2;
						DevelopmentTeam = 3YHZ656JF9;
					};
					F60094A01B17C49D00BF2372 = {
						CreatedOnToolsVersion = 6.3.2;
						TestTargetID = F60094841B17C49D00BF2372;
					};
				};
			};
			buildConfigurationList = F60094801B17C49D00BF2372 /* Build configuration list for PBXProject "RottenMangoes" */;
			compatibilityVersion = "Xcode 3.2";
			developmentRegion = English;
			hasScannedForEncodings = 0;
			knownRegions = (
				en,
				Base,
			);
			mainGroup = F600947C1B17C49D00BF2372;
			productRefGroup = F60094861B17C49D00BF2372 /* Products */;
			projectDirPath = "";
			projectRoot = "";
			targets = (
				F60094841B17C49D00BF2372 /* RottenMangoes */,
				F60094A01B17C49D00BF2372 /* RottenMangoesTests */,
			);
		};
/* End PBXProject section */

/* Begin PBXResourcesBuildPhase section */
		F60094831B17C49D00BF2372 /* Resources */ = {
			isa = PBXResourcesBuildPhase;
			buildActionMask = 2147483647;
			files = (
				F60094971B17C49D00BF2372 /* Main.storyboard in Resources */,
				F600949C1B17C49D00BF2372 /* LaunchScreen.xib in Resources */,
				F60094991B17C49D00BF2372 /* Images.xcassets in Resources */,
			);
			runOnlyForDeploymentPostprocessing = 0;
		};
		F600949F1B17C49D00BF2372 /* Resources */ = {
			isa = PBXResourcesBuildPhase;
			buildActionMask = 2147483647;
			files = (
			);
			runOnlyForDeploymentPostprocessing = 0;
		};
/* End PBXResourcesBuildPhase section */

/* Begin PBXSourcesBuildPhase section */
		F60094811B17C49D00BF2372 /* Sources */ = {
			isa = PBXSourcesBuildPhase;
			buildActionMask = 2147483647;
			files = (
				F600948E1B17C49D00BF2372 /* AppDelegate.m in Sources */,
				F65E33941B19115C002AD00F /* MovieDetailViewController.m in Sources */,
				F600948B1B17C49D00BF2372 /* main.m in Sources */,
				F628483C1B1ABA8F00072D52 /* TheatresMapViewController.m in Sources */,
				F60094B31B17D55600BF2372 /* Movie.m in Sources */,
				F60094941B17C49D00BF2372 /* MoviesCollectionViewController.m in Sources */,
				F681A9441B2687A30053127A /* Theatre.m in Sources */,
				F60094911B17C49D00BF2372 /* RottenMangoes.xcdatamodeld in Sources */,
				F65E33471B18E67E002AD00F /* MovieCollectionViewCell.m in Sources */,
			);
			runOnlyForDeploymentPostprocessing = 0;
		};
		F600949D1B17C49D00BF2372 /* Sources */ = {
			isa = PBXSourcesBuildPhase;
			buildActionMask = 2147483647;
			files = (
				F60094A81B17C49D00BF2372 /* RottenMangoesTests.m in Sources */,
			);
			runOnlyForDeploymentPostprocessing = 0;
		};
/* End PBXSourcesBuildPhase section */

/* Begin PBXTargetDependency section */
		F60094A31B17C49D00BF2372 /* PBXTargetDependency */ = {
			isa = PBXTargetDependency;
			target = F60094841B17C49D00BF2372 /* RottenMangoes */;
			targetProxy = F60094A21B17C49D00BF2372 /* PBXContainerItemProxy */;
		};
/* End PBXTargetDependency section */

/* Begin PBXVariantGroup section */
		F60094951B17C49D00BF2372 /* Main.storyboard */ = {
			isa = PBXVariantGroup;
			children = (
				F60094961B17C49D00BF2372 /* Base */,
			);
			name = Main.storyboard;
			sourceTree = "<group>";
		};
		F600949A1B17C49D00BF2372 /* LaunchScreen.xib */ = {
			isa = PBXVariantGroup;
			children = (
				F600949B1B17C49D00BF2372 /* Base */,
			);
			name = LaunchScreen.xib;
			sourceTree = "<group>";
		};
/* End PBXVariantGroup section */

/* Begin XCBuildConfiguration section */
		F60094A91B17C49D00BF2372 /* Debug */ = {
			isa = XCBuildConfiguration;
			buildSettings = {
				ALWAYS_SEARCH_USER_PATHS = NO;
				CLANG_CXX_LANGUAGE_STANDARD = "gnu++0x";
				CLANG_CXX_LIBRARY = "libc++";
				CLANG_ENABLE_MODULES = YES;
				CLANG_ENABLE_OBJC_ARC = YES;
				CLANG_WARN_BOOL_CONVERSION = YES;
				CLANG_WARN_CONSTANT_CONVERSION = YES;
				CLANG_WARN_DIRECT_OBJC_ISA_USAGE = YES_ERROR;
				CLANG_WARN_EMPTY_BODY = YES;
				CLANG_WARN_ENUM_CONVERSION = YES;
				CLANG_WARN_INT_CONVERSION = YES;
				CLANG_WARN_OBJC_ROOT_CLASS = YES_ERROR;
				CLANG_WARN_UNREACHABLE_CODE = YES;
				CLANG_WARN__DUPLICATE_METHOD_MATCH = YES;
				"CODE_SIGN_IDENTITY[sdk=iphoneos*]" = "iPhone Developer";
				COPY_PHASE_STRIP = NO;
				DEBUG_INFORMATION_FORMAT = "dwarf-with-dsym";
				ENABLE_STRICT_OBJC_MSGSEND = YES;
				GCC_C_LANGUAGE_STANDARD = gnu99;
				GCC_DYNAMIC_NO_PIC = NO;
				GCC_NO_COMMON_BLOCKS = YES;
				GCC_OPTIMIZATION_LEVEL = 0;
				GCC_PREPROCESSOR_DEFINITIONS = (
					"DEBUG=1",
					"$(inherited)",
				);
				GCC_SYMBOLS_PRIVATE_EXTERN = NO;
				GCC_WARN_64_TO_32_BIT_CONVERSION = YES;
				GCC_WARN_ABOUT_RETURN_TYPE = YES_ERROR;
				GCC_WARN_UNDECLARED_SELECTOR = YES;
				GCC_WARN_UNINITIALIZED_AUTOS = YES_AGGRESSIVE;
				GCC_WARN_UNUSED_FUNCTION = YES;
				GCC_WARN_UNUSED_VARIABLE = YES;
				IPHONEOS_DEPLOYMENT_TARGET = 8.3;
				MTL_ENABLE_DEBUG_INFO = YES;
				ONLY_ACTIVE_ARCH = YES;
				SDKROOT = iphoneos;
			};
			name = Debug;
		};
		F60094AA1B17C49D00BF2372 /* Release */ = {
			isa = XCBuildConfiguration;
			buildSettings = {
				ALWAYS_SEARCH_USER_PATHS = NO;
				CLANG_CXX_LANGUAGE_STANDARD = "gnu++0x";
				CLANG_CXX_LIBRARY = "libc++";
				CLANG_ENABLE_MODULES = YES;
				CLANG_ENABLE_OBJC_ARC = YES;
				CLANG_WARN_BOOL_CONVERSION = YES;
				CLANG_WARN_CONSTANT_CONVERSION = YES;
				CLANG_WARN_DIRECT_OBJC_ISA_USAGE = YES_ERROR;
				CLANG_WARN_EMPTY_BODY = YES;
				CLANG_WARN_ENUM_CONVERSION = YES;
				CLANG_WARN_INT_CONVERSION = YES;
				CLANG_WARN_OBJC_ROOT_CLASS = YES_ERROR;
				CLANG_WARN_UNREACHABLE_CODE = YES;
				CLANG_WARN__DUPLICATE_METHOD_MATCH = YES;
				"CODE_SIGN_IDENTITY[sdk=iphoneos*]" = "iPhone Developer";
				COPY_PHASE_STRIP = NO;
				DEBUG_INFORMATION_FORMAT = "dwarf-with-dsym";
				ENABLE_NS_ASSERTIONS = NO;
				ENABLE_STRICT_OBJC_MSGSEND = YES;
				GCC_C_LANGUAGE_STANDARD = gnu99;
				GCC_NO_COMMON_BLOCKS = YES;
				GCC_WARN_64_TO_32_BIT_CONVERSION = YES;
				GCC_WARN_ABOUT_RETURN_TYPE = YES_ERROR;
				GCC_WARN_UNDECLARED_SELECTOR = YES;
				GCC_WARN_UNINITIALIZED_AUTOS = YES_AGGRESSIVE;
				GCC_WARN_UNUSED_FUNCTION = YES;
				GCC_WARN_UNUSED_VARIABLE = YES;
				IPHONEOS_DEPLOYMENT_TARGET = 8.3;
				MTL_ENABLE_DEBUG_INFO = NO;
				SDKROOT = iphoneos;
				VALIDATE_PRODUCT = YES;
			};
			name = Release;
		};
		F60094AC1B17C49D00BF2372 /* Debug */ = {
			isa = XCBuildConfiguration;
			buildSettings = {
				ASSETCATALOG_COMPILER_APPICON_NAME = AppIcon;
				CODE_SIGN_IDENTITY = "iPhone Developer";
				"CODE_SIGN_IDENTITY[sdk=iphoneos*]" = "iPhone Developer";
				INFOPLIST_FILE = RottenMangoes/Info.plist;
				LD_RUNPATH_SEARCH_PATHS = "$(inherited) @executable_path/Frameworks";
				PRODUCT_NAME = "$(TARGET_NAME)";
				PROVISIONING_PROFILE = "";
			};
			name = Debug;
		};
		F60094AD1B17C49D00BF2372 /* Release */ = {
			isa = XCBuildConfiguration;
			buildSettings = {
				ASSETCATALOG_COMPILER_APPICON_NAME = AppIcon;
				CODE_SIGN_IDENTITY = "iPhone Developer";
				"CODE_SIGN_IDENTITY[sdk=iphoneos*]" = "iPhone Developer";
				INFOPLIST_FILE = RottenMangoes/Info.plist;
				LD_RUNPATH_SEARCH_PATHS = "$(inherited) @executable_path/Frameworks";
				PRODUCT_NAME = "$(TARGET_NAME)";
				PROVISIONING_PROFILE = "";
			};
			name = Release;
		};
		F60094AF1B17C49D00BF2372 /* Debug */ = {
			isa = XCBuildConfiguration;
			buildSettings = {
				BUNDLE_LOADER = "$(TEST_HOST)";
				FRAMEWORK_SEARCH_PATHS = (
					"$(SDKROOT)/Developer/Library/Frameworks",
					"$(inherited)",
				);
				GCC_PREPROCESSOR_DEFINITIONS = (
					"DEBUG=1",
					"$(inherited)",
				);
				INFOPLIST_FILE = RottenMangoesTests/Info.plist;
				LD_RUNPATH_SEARCH_PATHS = "$(inherited) @executable_path/Frameworks @loader_path/Frameworks";
				PRODUCT_NAME = "$(TARGET_NAME)";
				TEST_HOST = "$(BUILT_PRODUCTS_DIR)/RottenMangoes.app/RottenMangoes";
			};
			name = Debug;
		};
		F60094B01B17C49D00BF2372 /* Release */ = {
			isa = XCBuildConfiguration;
			buildSettings = {
				BUNDLE_LOADER = "$(TEST_HOST)";
				FRAMEWORK_SEARCH_PATHS = (
					"$(SDKROOT)/Developer/Library/Frameworks",
					"$(inherited)",
				);
				INFOPLIST_FILE = RottenMangoesTests/Info.plist;
				LD_RUNPATH_SEARCH_PATHS = "$(inherited) @executable_path/Frameworks @loader_path/Frameworks";
				PRODUCT_NAME = "$(TARGET_NAME)";
				TEST_HOST = "$(BUILT_PRODUCTS_DIR)/RottenMangoes.app/RottenMangoes";
			};
			name = Release;
		};
/* End XCBuildConfiguration section */

/* Begin XCConfigurationList section */
		F60094801B17C49D00BF2372 /* Build configuration list for PBXProject "RottenMangoes" */ = {
			isa = XCConfigurationList;
			buildConfigurations = (
				F60094A91B17C49D00BF2372 /* Debug */,
				F60094AA1B17C49D00BF2372 /* Release */,
			);
			defaultConfigurationIsVisible = 0;
			defaultConfigurationName = Release;
		};
		F60094AB1B17C49D00BF2372 /* Build configuration list for PBXNativeTarget "RottenMangoes" */ = {
			isa = XCConfigurationList;
			buildConfigurations = (
				F60094AC1B17C49D00BF2372 /* Debug */,
				F60094AD1B17C49D00BF2372 /* Release */,
			);
			defaultConfigurationIsVisible = 0;
			defaultConfigurationName = Release;
		};
		F60094AE1B17C49D00BF2372 /* Build configuration list for PBXNativeTarget "RottenMangoesTests" */ = {
			isa = XCConfigurationList;
			buildConfigurations = (
				F60094AF1B17C49D00BF2372 /* Debug */,
				F60094B01B17C49D00BF2372 /* Release */,
			);
			defaultConfigurationIsVisible = 0;
			defaultConfigurationName = Release;
		};
/* End XCConfigurationList section */

/* Begin XCVersionGroup section */
		F600948F1B17C49D00BF2372 /* RottenMangoes.xcdatamodeld */ = {
			isa = XCVersionGroup;
			children = (
				F60094901B17C49D00BF2372 /* RottenMangoes.xcdatamodel */,
			);
			currentVersion = F60094901B17C49D00BF2372 /* RottenMangoes.xcdatamodel */;
			path = RottenMangoes.xcdatamodeld;
			sourceTree = "<group>";
			versionGroupType = wrapper.xcdatamodel;
		};
/* End XCVersionGroup section */
	};
	rootObject = F600947D1B17C49D00BF2372 /* Project object */;
}
